// !$*UTF8*$!
{
	archiveVersion = 1;
	classes = {
	};
	objectVersion = 56;
	objects = {

/* Begin PBXBuildFile section */
		76721DF92AEF5B73007F6BDA /* KoraApp_ABApp.swift in Sources */ = {isa = PBXBuildFile; fileRef = 76721DF82AEF5B73007F6BDA /* KoraApp_ABApp.swift */; };
		76721DFB2AEF5B73007F6BDA /* ContentView.swift in Sources */ = {isa = PBXBuildFile; fileRef = 76721DFA2AEF5B73007F6BDA /* ContentView.swift */; };
		76721DFD2AEF5B7F007F6BDA /* Assets.xcassets in Resources */ = {isa = PBXBuildFile; fileRef = 76721DFC2AEF5B7F007F6BDA /* Assets.xcassets */; };
		76721E002AEF5B7F007F6BDA /* Preview Assets.xcassets in Resources */ = {isa = PBXBuildFile; fileRef = 76721DFF2AEF5B7F007F6BDA /* Preview Assets.xcassets */; };
		76721E0A2AEF5B81007F6BDA /* KoraApp_ABTests.swift in Sources */ = {isa = PBXBuildFile; fileRef = 76721E092AEF5B81007F6BDA /* KoraApp_ABTests.swift */; };
		76721E142AEF5B81007F6BDA /* KoraApp_ABUITests.swift in Sources */ = {isa = PBXBuildFile; fileRef = 76721E132AEF5B81007F6BDA /* KoraApp_ABUITests.swift */; };
		76721E162AEF5B81007F6BDA /* KoraApp_ABUITestsLaunchTests.swift in Sources */ = {isa = PBXBuildFile; fileRef = 76721E152AEF5B81007F6BDA /* KoraApp_ABUITestsLaunchTests.swift */; };
/* End PBXBuildFile section */

/* Begin PBXContainerItemProxy section */
		76721E062AEF5B81007F6BDA /* PBXContainerItemProxy */ = {
			isa = PBXContainerItemProxy;
			containerPortal = 76721DED2AEF5B73007F6BDA /* Project object */;
			proxyType = 1;
			remoteGlobalIDString = 76721DF42AEF5B73007F6BDA;
			remoteInfo = KoraApp_AB;
		};
		76721E102AEF5B81007F6BDA /* PBXContainerItemProxy */ = {
			isa = PBXContainerItemProxy;
			containerPortal = 76721DED2AEF5B73007F6BDA /* Project object */;
			proxyType = 1;
			remoteGlobalIDString = 76721DF42AEF5B73007F6BDA;
			remoteInfo = KoraApp_AB;
		};
/* End PBXContainerItemProxy section */

/* Begin PBXFileReference section */
		76721DF52AEF5B73007F6BDA /* KoraApp_AB.app */ = {isa = PBXFileReference; explicitFileType = wrapper.application; includeInIndex = 0; path = KoraApp_AB.app; sourceTree = BUILT_PRODUCTS_DIR; };
		76721DF82AEF5B73007F6BDA /* KoraApp_ABApp.swift */ = {isa = PBXFileReference; lastKnownFileType = sourcecode.swift; path = KoraApp_ABApp.swift; sourceTree = "<group>"; };
		76721DFA2AEF5B73007F6BDA /* ContentView.swift */ = {isa = PBXFileReference; lastKnownFileType = sourcecode.swift; path = ContentView.swift; sourceTree = "<group>"; };
		76721DFC2AEF5B7F007F6BDA /* Assets.xcassets */ = {isa = PBXFileReference; lastKnownFileType = folder.assetcatalog; path = Assets.xcassets; sourceTree = "<group>"; };
		76721DFF2AEF5B7F007F6BDA /* Preview Assets.xcassets */ = {isa = PBXFileReference; lastKnownFileType = folder.assetcatalog; path = "Preview Assets.xcassets"; sourceTree = "<group>"; };
		76721E052AEF5B81007F6BDA /* KoraApp_ABTests.xctest */ = {isa = PBXFileReference; explicitFileType = wrapper.cfbundle; includeInIndex = 0; path = KoraApp_ABTests.xctest; sourceTree = BUILT_PRODUCTS_DIR; };
		76721E092AEF5B81007F6BDA /* KoraApp_ABTests.swift */ = {isa = PBXFileReference; lastKnownFileType = sourcecode.swift; path = KoraApp_ABTests.swift; sourceTree = "<group>"; };
		76721E0F2AEF5B81007F6BDA /* KoraApp_ABUITests.xctest */ = {isa = PBXFileReference; explicitFileType = wrapper.cfbundle; includeInIndex = 0; path = KoraApp_ABUITests.xctest; sourceTree = BUILT_PRODUCTS_DIR; };
		76721E132AEF5B81007F6BDA /* KoraApp_ABUITests.swift */ = {isa = PBXFileReference; lastKnownFileType = sourcecode.swift; path = KoraApp_ABUITests.swift; sourceTree = "<group>"; };
		76721E152AEF5B81007F6BDA /* KoraApp_ABUITestsLaunchTests.swift */ = {isa = PBXFileReference; lastKnownFileType = sourcecode.swift; path = KoraApp_ABUITestsLaunchTests.swift; sourceTree = "<group>"; };
/* End PBXFileReference section */

/* Begin PBXFrameworksBuildPhase section */
		76721DF22AEF5B73007F6BDA /* Frameworks */ = {
			isa = PBXFrameworksBuildPhase;
			buildActionMask = 2147483647;
			files = (
			);
			runOnlyForDeploymentPostprocessing = 0;
		};
		76721E022AEF5B81007F6BDA /* Frameworks */ = {
			isa = PBXFrameworksBuildPhase;
			buildActionMask = 2147483647;
			files = (
			);
			runOnlyForDeploymentPostprocessing = 0;
		};
		76721E0C2AEF5B81007F6BDA /* Frameworks */ = {
			isa = PBXFrameworksBuildPhase;
			buildActionMask = 2147483647;
			files = (
			);
			runOnlyForDeploymentPostprocessing = 0;
		};
/* End PBXFrameworksBuildPhase section */

/* Begin PBXGroup section */
		76721DEC2AEF5B73007F6BDA = {
			isa = PBXGroup;
			children = (
				76721DF72AEF5B73007F6BDA /* KoraApp_AB */,
				76721E082AEF5B81007F6BDA /* KoraApp_ABTests */,
				76721E122AEF5B81007F6BDA /* KoraApp_ABUITests */,
				76721DF62AEF5B73007F6BDA /* Products */,
			);
			sourceTree = "<group>";
		};
		76721DF62AEF5B73007F6BDA /* Products */ = {
			isa = PBXGroup;
			children = (
				76721DF52AEF5B73007F6BDA /* KoraApp_AB.app */,
				76721E052AEF5B81007F6BDA /* KoraApp_ABTests.xctest */,
				76721E0F2AEF5B81007F6BDA /* KoraApp_ABUITests.xctest */,
			);
			name = Products;
			sourceTree = "<group>";
		};
		76721DF72AEF5B73007F6BDA /* KoraApp_AB */ = {
			isa = PBXGroup;
			children = (
				76721DF82AEF5B73007F6BDA /* KoraApp_ABApp.swift */,
				76721DFA2AEF5B73007F6BDA /* ContentView.swift */,
				76721DFC2AEF5B7F007F6BDA /* Assets.xcassets */,
				76721DFE2AEF5B7F007F6BDA /* Preview Content */,
			);
			path = KoraApp_AB;
			sourceTree = "<group>";
		};
		76721DFE2AEF5B7F007F6BDA /* Preview Content */ = {
			isa = PBXGroup;
			children = (
				76721DFF2AEF5B7F007F6BDA /* Preview Assets.xcassets */,
			);
			path = "Preview Content";
			sourceTree = "<group>";
		};
		76721E082AEF5B81007F6BDA /* KoraApp_ABTests */ = {
			isa = PBXGroup;
			children = (
				76721E092AEF5B81007F6BDA /* KoraApp_ABTests.swift */,
			);
			path = KoraApp_ABTests;
			sourceTree = "<group>";
		};
		76721E122AEF5B81007F6BDA /* KoraApp_ABUITests */ = {
			isa = PBXGroup;
			children = (
				76721E132AEF5B81007F6BDA /* KoraApp_ABUITests.swift */,
				76721E152AEF5B81007F6BDA /* KoraApp_ABUITestsLaunchTests.swift */,
			);
			path = KoraApp_ABUITests;
			sourceTree = "<group>";
		};
/* End PBXGroup section */

/* Begin PBXNativeTarget section */
		76721DF42AEF5B73007F6BDA /* KoraApp_AB */ = {
			isa = PBXNativeTarget;
			buildConfigurationList = 76721E192AEF5B81007F6BDA /* Build configuration list for PBXNativeTarget "KoraApp_AB" */;
			buildPhases = (
				76721DF12AEF5B73007F6BDA /* Sources */,
				76721DF22AEF5B73007F6BDA /* Frameworks */,
				76721DF32AEF5B73007F6BDA /* Resources */,
			);
			buildRules = (
			);
			dependencies = (
			);
			name = KoraApp_AB;
			productName = KoraApp_AB;
			productReference = 76721DF52AEF5B73007F6BDA /* KoraApp_AB.app */;
			productType = "com.apple.product-type.application";
		};
		76721E042AEF5B81007F6BDA /* KoraApp_ABTests */ = {
			isa = PBXNativeTarget;
			buildConfigurationList = 76721E1C2AEF5B81007F6BDA /* Build configuration list for PBXNativeTarget "KoraApp_ABTests" */;
			buildPhases = (
				76721E012AEF5B81007F6BDA /* Sources */,
				76721E022AEF5B81007F6BDA /* Frameworks */,
				76721E032AEF5B81007F6BDA /* Resources */,
			);
			buildRules = (
			);
			dependencies = (
				76721E072AEF5B81007F6BDA /* PBXTargetDependency */,
			);
			name = KoraApp_ABTests;
			productName = KoraApp_ABTests;
			productReference = 76721E052AEF5B81007F6BDA /* KoraApp_ABTests.xctest */;
			productType = "com.apple.product-type.bundle.unit-test";
		};
		76721E0E2AEF5B81007F6BDA /* KoraApp_ABUITests */ = {
			isa = PBXNativeTarget;
			buildConfigurationList = 76721E1F2AEF5B81007F6BDA /* Build configuration list for PBXNativeTarget "KoraApp_ABUITests" */;
			buildPhases = (
				76721E0B2AEF5B81007F6BDA /* Sources */,
				76721E0C2AEF5B81007F6BDA /* Frameworks */,
				76721E0D2AEF5B81007F6BDA /* Resources */,
			);
			buildRules = (
			);
			dependencies = (
				76721E112AEF5B81007F6BDA /* PBXTargetDependency */,
			);
			name = KoraApp_ABUITests;
			productName = KoraApp_ABUITests;
			productReference = 76721E0F2AEF5B81007F6BDA /* KoraApp_ABUITests.xctest */;
			productType = "com.apple.product-type.bundle.ui-testing";
		};
/* End PBXNativeTarget section */

/* Begin PBXProject section */
		76721DED2AEF5B73007F6BDA /* Project object */ = {
			isa = PBXProject;
			attributes = {
				BuildIndependentTargetsInParallel = 1;
				LastSwiftUpdateCheck = 1500;
				LastUpgradeCheck = 1500;
				TargetAttributes = {
					76721DF42AEF5B73007F6BDA = {
						CreatedOnToolsVersion = 15.0.1;
					};
					76721E042AEF5B81007F6BDA = {
						CreatedOnToolsVersion = 15.0.1;
						TestTargetID = 76721DF42AEF5B73007F6BDA;
					};
					76721E0E2AEF5B81007F6BDA = {
						CreatedOnToolsVersion = 15.0.1;
						TestTargetID = 76721DF42AEF5B73007F6BDA;
					};
				};
			};
			buildConfigurationList = 76721DF02AEF5B73007F6BDA /* Build configuration list for PBXProject "KoraApp_AB" */;
			compatibilityVersion = "Xcode 14.0";
			developmentRegion = en;
			hasScannedForEncodings = 0;
			knownRegions = (
				en,
				Base,
			);
			mainGroup = 76721DEC2AEF5B73007F6BDA;
			productRefGroup = 76721DF62AEF5B73007F6BDA /* Products */;
			projectDirPath = "";
			projectRoot = "";
			targets = (
				76721DF42AEF5B73007F6BDA /* KoraApp_AB */,
				76721E042AEF5B81007F6BDA /* KoraApp_ABTests */,
				76721E0E2AEF5B81007F6BDA /* KoraApp_ABUITests */,
			);
		};
/* End PBXProject section */

/* Begin PBXResourcesBuildPhase section */
		76721DF32AEF5B73007F6BDA /* Resources */ = {
			isa = PBXResourcesBuildPhase;
			buildActionMask = 2147483647;
			files = (
				76721E002AEF5B7F007F6BDA /* Preview Assets.xcassets in Resources */,
				76721DFD2AEF5B7F007F6BDA /* Assets.xcassets in Resources */,
			);
			runOnlyForDeploymentPostprocessing = 0;
		};
		76721E032AEF5B81007F6BDA /* Resources */ = {
			isa = PBXResourcesBuildPhase;
			buildActionMask = 2147483647;
			files = (
			);
			runOnlyForDeploymentPostprocessing = 0;
		};
		76721E0D2AEF5B81007F6BDA /* Resources */ = {
			isa = PBXResourcesBuildPhase;
			buildActionMask = 2147483647;
			files = (
			);
			runOnlyForDeploymentPostprocessing = 0;
		};
/* End PBXResourcesBuildPhase section */

/* Begin PBXSourcesBuildPhase section */
		76721DF12AEF5B73007F6BDA /* Sources */ = {
			isa = PBXSourcesBuildPhase;
			buildActionMask = 2147483647;
			files = (
				76721DFB2AEF5B73007F6BDA /* ContentView.swift in Sources */,
				76721DF92AEF5B73007F6BDA /* KoraApp_ABApp.swift in Sources */,
			);
			runOnlyForDeploymentPostprocessing = 0;
		};
		76721E012AEF5B81007F6BDA /* Sources */ = {
			isa = PBXSourcesBuildPhase;
			buildActionMask = 2147483647;
			files = (
				76721E0A2AEF5B81007F6BDA /* KoraApp_ABTests.swift in Sources */,
			);
			runOnlyForDeploymentPostprocessing = 0;
		};
		76721E0B2AEF5B81007F6BDA /* Sources */ = {
			isa = PBXSourcesBuildPhase;
			buildActionMask = 2147483647;
			files = (
				76721E162AEF5B81007F6BDA /* KoraApp_ABUITestsLaunchTests.swift in Sources */,
				76721E142AEF5B81007F6BDA /* KoraApp_ABUITests.swift in Sources */,
			);
			runOnlyForDeploymentPostprocessing = 0;
		};
/* End PBXSourcesBuildPhase section */

/* Begin PBXTargetDependency section */
		76721E072AEF5B81007F6BDA /* PBXTargetDependency */ = {
			isa = PBXTargetDependency;
			target = 76721DF42AEF5B73007F6BDA /* KoraApp_AB */;
			targetProxy = 76721E062AEF5B81007F6BDA /* PBXContainerItemProxy */;
		};
		76721E112AEF5B81007F6BDA /* PBXTargetDependency */ = {
			isa = PBXTargetDependency;
			target = 76721DF42AEF5B73007F6BDA /* KoraApp_AB */;
			targetProxy = 76721E102AEF5B81007F6BDA /* PBXContainerItemProxy */;
		};
/* End PBXTargetDependency section */

/* Begin XCBuildConfiguration section */
		76721E172AEF5B81007F6BDA /* Debug */ = {
			isa = XCBuildConfiguration;
			buildSettings = {
				ALWAYS_SEARCH_USER_PATHS = NO;
				ASSETCATALOG_COMPILER_GENERATE_SWIFT_ASSET_SYMBOL_EXTENSIONS = YES;
				CLANG_ANALYZER_NONNULL = YES;
				CLANG_ANALYZER_NUMBER_OBJECT_CONVERSION = YES_AGGRESSIVE;
				CLANG_CXX_LANGUAGE_STANDARD = "gnu++20";
				CLANG_ENABLE_MODULES = YES;
				CLANG_ENABLE_OBJC_ARC = YES;
				CLANG_ENABLE_OBJC_WEAK = YES;
				CLANG_WARN_BLOCK_CAPTURE_AUTORELEASING = YES;
				CLANG_WARN_BOOL_CONVERSION = YES;
				CLANG_WARN_COMMA = YES;
				CLANG_WARN_CONSTANT_CONVERSION = YES;
				CLANG_WARN_DEPRECATED_OBJC_IMPLEMENTATIONS = YES;
				CLANG_WARN_DIRECT_OBJC_ISA_USAGE = YES_ERROR;
				CLANG_WARN_DOCUMENTATION_COMMENTS = YES;
				CLANG_WARN_EMPTY_BODY = YES;
				CLANG_WARN_ENUM_CONVERSION = YES;
				CLANG_WARN_INFINITE_RECURSION = YES;
				CLANG_WARN_INT_CONVERSION = YES;
				CLANG_WARN_NON_LITERAL_NULL_CONVERSION = YES;
				CLANG_WARN_OBJC_IMPLICIT_RETAIN_SELF = YES;
				CLANG_WARN_OBJC_LITERAL_CONVERSION = YES;
				CLANG_WARN_OBJC_ROOT_CLASS = YES_ERROR;
				CLANG_WARN_QUOTED_INCLUDE_IN_FRAMEWORK_HEADER = YES;
				CLANG_WARN_RANGE_LOOP_ANALYSIS = YES;
				CLANG_WARN_STRICT_PROTOTYPES = YES;
				CLANG_WARN_SUSPICIOUS_MOVE = YES;
				CLANG_WARN_UNGUARDED_AVAILABILITY = YES_AGGRESSIVE;
				CLANG_WARN_UNREACHABLE_CODE = YES;
				CLANG_WARN__DUPLICATE_METHOD_MATCH = YES;
				COPY_PHASE_STRIP = NO;
				DEBUG_INFORMATION_FORMAT = dwarf;
				ENABLE_STRICT_OBJC_MSGSEND = YES;
				ENABLE_TESTABILITY = YES;
				ENABLE_USER_SCRIPT_SANDBOXING = YES;
				GCC_C_LANGUAGE_STANDARD = gnu17;
				GCC_DYNAMIC_NO_PIC = NO;
				GCC_NO_COMMON_BLOCKS = YES;
				GCC_OPTIMIZATION_LEVEL = 0;
				GCC_PREPROCESSOR_DEFINITIONS = (
					"DEBUG=1",
					"$(inherited)",
				);
				GCC_WARN_64_TO_32_BIT_CONVERSION = YES;
				GCC_WARN_ABOUT_RETURN_TYPE = YES_ERROR;
				GCC_WARN_UNDECLARED_SELECTOR = YES;
				GCC_WARN_UNINITIALIZED_AUTOS = YES_AGGRESSIVE;
				GCC_WARN_UNUSED_FUNCTION = YES;
				GCC_WARN_UNUSED_VARIABLE = YES;
				IPHONEOS_DEPLOYMENT_TARGET = 17.0;
				LOCALIZATION_PREFERS_STRING_CATALOGS = YES;
				MTL_ENABLE_DEBUG_INFO = INCLUDE_SOURCE;
				MTL_FAST_MATH = YES;
				ONLY_ACTIVE_ARCH = YES;
				SDKROOT = iphoneos;
				SWIFT_ACTIVE_COMPILATION_CONDITIONS = "DEBUG $(inherited)";
				SWIFT_OPTIMIZATION_LEVEL = "-Onone";
			};
			name = Debug;
		};
		76721E182AEF5B81007F6BDA /* Release */ = {
			isa = XCBuildConfiguration;
			buildSettings = {
				ALWAYS_SEARCH_USER_PATHS = NO;
				ASSETCATALOG_COMPILER_GENERATE_SWIFT_ASSET_SYMBOL_EXTENSIONS = YES;
				CLANG_ANALYZER_NONNULL = YES;
				CLANG_ANALYZER_NUMBER_OBJECT_CONVERSION = YES_AGGRESSIVE;
				CLANG_CXX_LANGUAGE_STANDARD = "gnu++20";
				CLANG_ENABLE_MODULES = YES;
				CLANG_ENABLE_OBJC_ARC = YES;
				CLANG_ENABLE_OBJC_WEAK = YES;
				CLANG_WARN_BLOCK_CAPTURE_AUTORELEASING = YES;
				CLANG_WARN_BOOL_CONVERSION = YES;
				CLANG_WARN_COMMA = YES;
				CLANG_WARN_CONSTANT_CONVERSION = YES;
				CLANG_WARN_DEPRECATED_OBJC_IMPLEMENTATIONS = YES;
				CLANG_WARN_DIRECT_OBJC_ISA_USAGE = YES_ERROR;
				CLANG_WARN_DOCUMENTATION_COMMENTS = YES;
				CLANG_WARN_EMPTY_BODY = YES;
				CLANG_WARN_ENUM_CONVERSION = YES;
				CLANG_WARN_INFINITE_RECURSION = YES;
				CLANG_WARN_INT_CONVERSION = YES;
				CLANG_WARN_NON_LITERAL_NULL_CONVERSION = YES;
				CLANG_WARN_OBJC_IMPLICIT_RETAIN_SELF = YES;
				CLANG_WARN_OBJC_LITERAL_CONVERSION = YES;
				CLANG_WARN_OBJC_ROOT_CLASS = YES_ERROR;
				CLANG_WARN_QUOTED_INCLUDE_IN_FRAMEWORK_HEADER = YES;
				CLANG_WARN_RANGE_LOOP_ANALYSIS = YES;
				CLANG_WARN_STRICT_PROTOTYPES = YES;
				CLANG_WARN_SUSPICIOUS_MOVE = YES;
				CLANG_WARN_UNGUARDED_AVAILABILITY = YES_AGGRESSIVE;
				CLANG_WARN_UNREACHABLE_CODE = YES;
				CLANG_WARN__DUPLICATE_METHOD_MATCH = YES;
				COPY_PHASE_STRIP = NO;
				DEBUG_INFORMATION_FORMAT = "dwarf-with-dsym";
				ENABLE_NS_ASSERTIONS = NO;
				ENABLE_STRICT_OBJC_MSGSEND = YES;
				ENABLE_USER_SCRIPT_SANDBOXING = YES;
				GCC_C_LANGUAGE_STANDARD = gnu17;
				GCC_NO_COMMON_BLOCKS = YES;
				GCC_WARN_64_TO_32_BIT_CONVERSION = YES;
				GCC_WARN_ABOUT_RETURN_TYPE = YES_ERROR;
				GCC_WARN_UNDECLARED_SELECTOR = YES;
				GCC_WARN_UNINITIALIZED_AUTOS = YES_AGGRESSIVE;
				GCC_WARN_UNUSED_FUNCTION = YES;
				GCC_WARN_UNUSED_VARIABLE = YES;
				IPHONEOS_DEPLOYMENT_TARGET = 17.0;
				LOCALIZATION_PREFERS_STRING_CATALOGS = YES;
				MTL_ENABLE_DEBUG_INFO = NO;
				MTL_FAST_MATH = YES;
				SDKROOT = iphoneos;
				SWIFT_COMPILATION_MODE = wholemodule;
				VALIDATE_PRODUCT = YES;
			};
			name = Release;
		};
		76721E1A2AEF5B81007F6BDA /* Debug */ = {
			isa = XCBuildConfiguration;
			buildSettings = {
				ASSETCATALOG_COMPILER_APPICON_NAME = AppIcon;
				ASSETCATALOG_COMPILER_GLOBAL_ACCENT_COLOR_NAME = AccentColor;
				CODE_SIGN_STYLE = Automatic;
				CURRENT_PROJECT_VERSION = 1;
				DEVELOPMENT_ASSET_PATHS = "\"KoraApp_AB/Preview Content\"";
				DEVELOPMENT_TEAM = RE8M99G7E9;
				ENABLE_PREVIEWS = YES;
				GENERATE_INFOPLIST_FILE = YES;
				INFOPLIST_KEY_UIApplicationSceneManifest_Generation = YES;
				INFOPLIST_KEY_UIApplicationSupportsIndirectInputEvents = YES;
				INFOPLIST_KEY_UILaunchScreen_Generation = YES;
				INFOPLIST_KEY_UISupportedInterfaceOrientations_iPad = "UIInterfaceOrientationPortrait UIInterfaceOrientationPortraitUpsideDown UIInterfaceOrientationLandscapeLeft UIInterfaceOrientationLandscapeRight";
				INFOPLIST_KEY_UISupportedInterfaceOrientations_iPhone = "UIInterfaceOrientationPortrait UIInterfaceOrientationLandscapeLeft UIInterfaceOrientationLandscapeRight";
				LD_RUNPATH_SEARCH_PATHS = (
					"$(inherited)",
					"@executable_path/Frameworks",
				);
				MARKETING_VERSION = 1.0;
				PRODUCT_BUNDLE_IDENTIFIER = "com.AppGood.KoraApp-AB";
				PRODUCT_NAME = "$(TARGET_NAME)";
				SWIFT_EMIT_LOC_STRINGS = YES;
				SWIFT_VERSION = 5.0;
				TARGETED_DEVICE_FAMILY = "1,2";
			};
			name = Debug;
		};
		76721E1B2AEF5B81007F6BDA /* Release */ = {
			isa = XCBuildConfiguration;
			buildSettings = {
				ASSETCATALOG_COMPILER_APPICON_NAME = AppIcon;
				ASSETCATALOG_COMPILER_GLOBAL_ACCENT_COLOR_NAME = AccentColor;
				CODE_SIGN_STYLE = Automatic;
				CURRENT_PROJECT_VERSION = 1;
				DEVELOPMENT_ASSET_PATHS = "\"KoraApp_AB/Preview Content\"";
				DEVELOPMENT_TEAM = RE8M99G7E9;
				ENABLE_PREVIEWS = YES;
				GENERATE_INFOPLIST_FILE = YES;
				INFOPLIST_KEY_UIApplicationSceneManifest_Generation = YES;
				INFOPLIST_KEY_UIApplicationSupportsIndirectInputEvents = YES;
				INFOPLIST_KEY_UILaunchScreen_Generation = YES;
				INFOPLIST_KEY_UISupportedInterfaceOrientations_iPad = "UIInterfaceOrientationPortrait UIInterfaceOrientationPortraitUpsideDown UIInterfaceOrientationLandscapeLeft UIInterfaceOrientationLandscapeRight";
				INFOPLIST_KEY_UISupportedInterfaceOrientations_iPhone = "UIInterfaceOrientationPortrait UIInterfaceOrientationLandscapeLeft UIInterfaceOrientationLandscapeRight";
				LD_RUNPATH_SEARCH_PATHS = (
					"$(inherited)",
					"@executable_path/Frameworks",
				);
				MARKETING_VERSION = 1.0;
				PRODUCT_BUNDLE_IDENTIFIER = "com.AppGood.KoraApp-AB";
				PRODUCT_NAME = "$(TARGET_NAME)";
				SWIFT_EMIT_LOC_STRINGS = YES;
				SWIFT_VERSION = 5.0;
				TARGETED_DEVICE_FAMILY = "1,2";
			};
			name = Release;
		};
		76721E1D2AEF5B81007F6BDA /* Debug */ = {
			isa = XCBuildConfiguration;
			buildSettings = {
				ALWAYS_EMBED_SWIFT_STANDARD_LIBRARIES = YES;
				BUNDLE_LOADER = "$(TEST_HOST)";
				CODE_SIGN_STYLE = Automatic;
				CURRENT_PROJECT_VERSION = 1;
				DEVELOPMENT_TEAM = RE8M99G7E9;
				GENERATE_INFOPLIST_FILE = YES;
				IPHONEOS_DEPLOYMENT_TARGET = 17.0;
				MARKETING_VERSION = 1.0;
				PRODUCT_BUNDLE_IDENTIFIER = "com.AppGood.KoraApp-ABTests";
				PRODUCT_NAME = "$(TARGET_NAME)";
				SWIFT_EMIT_LOC_STRINGS = NO;
				SWIFT_VERSION = 5.0;
				TARGETED_DEVICE_FAMILY = "1,2";
				TEST_HOST = "$(BUILT_PRODUCTS_DIR)/KoraApp_AB.app/$(BUNDLE_EXECUTABLE_FOLDER_PATH)/KoraApp_AB";
			};
			name = Debug;
		};
		76721E1E2AEF5B81007F6BDA /* Release */ = {
			isa = XCBuildConfiguration;
			buildSettings = {
				ALWAYS_EMBED_SWIFT_STANDARD_LIBRARIES = YES;
				BUNDLE_LOADER = "$(TEST_HOST)";
				CODE_SIGN_STYLE = Automatic;
				CURRENT_PROJECT_VERSION = 1;
				DEVELOPMENT_TEAM = RE8M99G7E9;
				GENERATE_INFOPLIST_FILE = YES;
				IPHONEOS_DEPLOYMENT_TARGET = 17.0;
				MARKETING_VERSION = 1.0;
				PRODUCT_BUNDLE_IDENTIFIER = "com.AppGood.KoraApp-ABTests";
				PRODUCT_NAME = "$(TARGET_NAME)";
				SWIFT_EMIT_LOC_STRINGS = NO;
				SWIFT_VERSION = 5.0;
				TARGETED_DEVICE_FAMILY = "1,2";
				TEST_HOST = "$(BUILT_PRODUCTS_DIR)/KoraApp_AB.app/$(BUNDLE_EXECUTABLE_FOLDER_PATH)/KoraApp_AB";
			};
			name = Release;
		};
		76721E202AEF5B81007F6BDA /* Debug */ = {
			isa = XCBuildConfiguration;
			buildSettings = {
				ALWAYS_EMBED_SWIFT_STANDARD_LIBRARIES = YES;
				CODE_SIGN_STYLE = Automatic;
				CURRENT_PROJECT_VERSION = 1;
				DEVELOPMENT_TEAM = RE8M99G7E9;
				GENERATE_INFOPLIST_FILE = YES;
				MARKETING_VERSION = 1.0;
				PRODUCT_BUNDLE_IDENTIFIER = "com.AppGood.KoraApp-ABUITests";
				PRODUCT_NAME = "$(TARGET_NAME)";
				SWIFT_EMIT_LOC_STRINGS = NO;
				SWIFT_VERSION = 5.0;
				TARGETED_DEVICE_FAMILY = "1,2";
				TEST_TARGET_NAME = KoraApp_AB;
			};
			name = Debug;
		};
		76721E212AEF5B81007F6BDA /* Release */ = {
			isa = XCBuildConfiguration;
			buildSettings = {
				ALWAYS_EMBED_SWIFT_STANDARD_LIBRARIES = YES;
				CODE_SIGN_STYLE = Automatic;
				CURRENT_PROJECT_VERSION = 1;
				DEVELOPMENT_TEAM = RE8M99G7E9;
				GENERATE_INFOPLIST_FILE = YES;
				MARKETING_VERSION = 1.0;
				PRODUCT_BUNDLE_IDENTIFIER = "com.AppGood.KoraApp-ABUITests";
				PRODUCT_NAME = "$(TARGET_NAME)";
				SWIFT_EMIT_LOC_STRINGS = NO;
				SWIFT_VERSION = 5.0;
				TARGETED_DEVICE_FAMILY = "1,2";
				TEST_TARGET_NAME = KoraApp_AB;
			};
			name = Release;
		};
/* End XCBuildConfiguration section */

/* Begin XCConfigurationList section */
		76721DF02AEF5B73007F6BDA /* Build configuration list for PBXProject "KoraApp_AB" */ = {
			isa = XCConfigurationList;
			buildConfigurations = (
				76721E172AEF5B81007F6BDA /* Debug */,
				76721E182AEF5B81007F6BDA /* Release */,
			);
			defaultConfigurationIsVisible = 0;
			defaultConfigurationName = Release;
		};
		76721E192AEF5B81007F6BDA /* Build configuration list for PBXNativeTarget "KoraApp_AB" */ = {
			isa = XCConfigurationList;
			buildConfigurations = (
				76721E1A2AEF5B81007F6BDA /* Debug */,
				76721E1B2AEF5B81007F6BDA /* Release */,
			);
			defaultConfigurationIsVisible = 0;
			defaultConfigurationName = Release;
		};
		76721E1C2AEF5B81007F6BDA /* Build configuration list for PBXNativeTarget "KoraApp_ABTests" */ = {
			isa = XCConfigurationList;
			buildConfigurations = (
				76721E1D2AEF5B81007F6BDA /* Debug */,
				76721E1E2AEF5B81007F6BDA /* Release */,
			);
			defaultConfigurationIsVisible = 0;
			defaultConfigurationName = Release;
		};
		76721E1F2AEF5B81007F6BDA /* Build configuration list for PBXNativeTarget "KoraApp_ABUITests" */ = {
			isa = XCConfigurationList;
			buildConfigurations = (
				76721E202AEF5B81007F6BDA /* Debug */,
				76721E212AEF5B81007F6BDA /* Release */,
			);
			defaultConfigurationIsVisible = 0;
			defaultConfigurationName = Release;
		};
/* End XCConfigurationList section */
	};
	rootObject = 76721DED2AEF5B73007F6BDA /* Project object */;
}
